
Microsoft Visual Studio Solution File, Format Version 12.00
# Visual Studio Version 17
VisualStudioVersion = 17.1.32328.378
MinimumVisualStudioVersion = 10.0.40219.1
Project("{FAE04EC0-301F-11D3-BF4B-00C04F79EFBC}") = "LiberandumAPI", "LiberandumAPI\LiberandumAPI.csproj", "{67E899AE-437B-40CB-938D-FC8EABFC391F}"
EndProject
Global
	GlobalSection(SolutionConfigurationPlatforms) = preSolution
		Debug|Any CPU = Debug|Any CPU
		Release|Any CPU = Release|Any CPU
	EndGlobalSection
	GlobalSection(ProjectConfigurationPlatforms) = postSolution
		{67E899AE-437B-40CB-938D-FC8EABFC391F}.Debug|Any CPU.ActiveCfg = Debug|Any CPU
		{67E899AE-437B-40CB-938D-FC8EABFC391F}.Debug|Any CPU.Build.0 = Debug|Any CPU
		{67E899AE-437B-40CB-938D-FC8EABFC391F}.Release|Any CPU.ActiveCfg = Release|Any CPU
		{67E899AE-437B-40CB-938D-FC8EABFC391F}.Release|Any CPU.Build.0 = Release|Any CPU
	EndGlobalSection
	GlobalSection(SolutionProperties) = preSolution
		HideSolutionNode = FALSE
	EndGlobalSection
	GlobalSection(ExtensibilityGlobals) = postSolution
		SolutionGuid = {76FE47C3-62EF-404E-B323-667EE8B4D671}
	EndGlobalSection
EndGlobal
